// !$*UTF8*$!
{
	archiveVersion = 1;
	classes = {
	};
	objectVersion = 56;
	objects = {

/* Begin PBXBuildFile section */
		D3D8D1E12C64F27600286F51 /* AppDelegate.swift in Sources */ = {isa = PBXBuildFile; fileRef = D3D8D1E02C64F27600286F51 /* AppDelegate.swift */; };
		D3D8D1E32C64F27600286F51 /* SceneDelegate.swift in Sources */ = {isa = PBXBuildFile; fileRef = D3D8D1E22C64F27600286F51 /* SceneDelegate.swift */; };
		D3D8D1E52C64F27600286F51 /* MainViewController.swift in Sources */ = {isa = PBXBuildFile; fileRef = D3D8D1E42C64F27600286F51 /* MainViewController.swift */; };
		D3D8D1EA2C64F27700286F51 /* Assets.xcassets in Resources */ = {isa = PBXBuildFile; fileRef = D3D8D1E92C64F27700286F51 /* Assets.xcassets */; };
		D3D8D1ED2C64F27700286F51 /* Base in Resources */ = {isa = PBXBuildFile; fileRef = D3D8D1EC2C64F27700286F51 /* Base */; };
		D3D8D1F62C64F2EE00286F51 /* SnapKit in Frameworks */ = {isa = PBXBuildFile; productRef = D3D8D1F52C64F2EE00286F51 /* SnapKit */; };
		D3D8D1F92C64F56B00286F51 /* CollectionCellView.swift in Sources */ = {isa = PBXBuildFile; fileRef = D3D8D1F82C64F56B00286F51 /* CollectionCellView.swift */; };
		D3D8D1FC2C64F8E600286F51 /* DetailViewController.swift in Sources */ = {isa = PBXBuildFile; fileRef = D3D8D1FB2C64F8E600286F51 /* DetailViewController.swift */; };
		D3D8D1FF2C650A6800286F51 /* CharacterDetails.swift in Sources */ = {isa = PBXBuildFile; fileRef = D3D8D1FE2C650A6800286F51 /* CharacterDetails.swift */; };
		D3D8D2022C65109400286F51 /* MockData.swift in Sources */ = {isa = PBXBuildFile; fileRef = D3D8D2012C65109400286F51 /* MockData.swift */; };
/* End PBXBuildFile section */

/* Begin PBXFileReference section */
		D3D8D1DD2C64F27600286F51 /* CollectionViewTest.app */ = {isa = PBXFileReference; explicitFileType = wrapper.application; includeInIndex = 0; path = CollectionViewTest.app; sourceTree = BUILT_PRODUCTS_DIR; };
		D3D8D1E02C64F27600286F51 /* AppDelegate.swift */ = {isa = PBXFileReference; lastKnownFileType = sourcecode.swift; path = AppDelegate.swift; sourceTree = "<group>"; };
		D3D8D1E22C64F27600286F51 /* SceneDelegate.swift */ = {isa = PBXFileReference; lastKnownFileType = sourcecode.swift; path = SceneDelegate.swift; sourceTree = "<group>"; };
		D3D8D1E42C64F27600286F51 /* MainViewController.swift */ = {isa = PBXFileReference; lastKnownFileType = sourcecode.swift; path = MainViewController.swift; sourceTree = "<group>"; };
		D3D8D1E92C64F27700286F51 /* Assets.xcassets */ = {isa = PBXFileReference; lastKnownFileType = folder.assetcatalog; path = Assets.xcassets; sourceTree = "<group>"; };
		D3D8D1EC2C64F27700286F51 /* Base */ = {isa = PBXFileReference; lastKnownFileType = file.storyboard; name = Base; path = Base.lproj/LaunchScreen.storyboard; sourceTree = "<group>"; };
		D3D8D1EE2C64F27700286F51 /* Info.plist */ = {isa = PBXFileReference; lastKnownFileType = text.plist.xml; path = Info.plist; sourceTree = "<group>"; };
		D3D8D1F82C64F56B00286F51 /* CollectionCellView.swift */ = {isa = PBXFileReference; lastKnownFileType = sourcecode.swift; path = CollectionCellView.swift; sourceTree = "<group>"; };
		D3D8D1FB2C64F8E600286F51 /* DetailViewController.swift */ = {isa = PBXFileReference; lastKnownFileType = sourcecode.swift; path = DetailViewController.swift; sourceTree = "<group>"; };
		D3D8D1FE2C650A6800286F51 /* CharacterDetails.swift */ = {isa = PBXFileReference; lastKnownFileType = sourcecode.swift; path = CharacterDetails.swift; sourceTree = "<group>"; };
		D3D8D2012C65109400286F51 /* MockData.swift */ = {isa = PBXFileReference; lastKnownFileType = sourcecode.swift; path = MockData.swift; sourceTree = "<group>"; };
/* End PBXFileReference section */

/* Begin PBXFrameworksBuildPhase section */
		D3D8D1DA2C64F27600286F51 /* Frameworks */ = {
			isa = PBXFrameworksBuildPhase;
			buildActionMask = 2147483647;
			files = (
				D3D8D1F62C64F2EE00286F51 /* SnapKit in Frameworks */,
			);
			runOnlyForDeploymentPostprocessing = 0;
		};
/* End PBXFrameworksBuildPhase section */

/* Begin PBXGroup section */
		D3D8D1D42C64F27600286F51 = {
			isa = PBXGroup;
			children = (
				D3D8D1DF2C64F27600286F51 /* CollectionViewTest */,
				D3D8D1DE2C64F27600286F51 /* Products */,
			);
			sourceTree = "<group>";
		};
		D3D8D1DE2C64F27600286F51 /* Products */ = {
			isa = PBXGroup;
			children = (
				D3D8D1DD2C64F27600286F51 /* CollectionViewTest.app */,
			);
			name = Products;
			sourceTree = "<group>";
		};
		D3D8D1DF2C64F27600286F51 /* CollectionViewTest */ = {
			isa = PBXGroup;
			children = (
				D3D8D1FD2C650A4E00286F51 /* Models */,
				D3D8D1F72C64F55A00286F51 /* Views */,
				D3D8D1FA2C64F8B700286F51 /* ViewControllers */,
				D3D8D1E02C64F27600286F51 /* AppDelegate.swift */,
				D3D8D1E22C64F27600286F51 /* SceneDelegate.swift */,
				D3D8D2002C65107100286F51 /* Helpers */,
				D3D8D1E92C64F27700286F51 /* Assets.xcassets */,
				D3D8D1EB2C64F27700286F51 /* LaunchScreen.storyboard */,
				D3D8D1EE2C64F27700286F51 /* Info.plist */,
			);
			path = CollectionViewTest;
			sourceTree = "<group>";
		};
		D3D8D1F72C64F55A00286F51 /* Views */ = {
			isa = PBXGroup;
			children = (
				D3D8D1F82C64F56B00286F51 /* CollectionCellView.swift */,
			);
			path = Views;
			sourceTree = "<group>";
		};
		D3D8D1FA2C64F8B700286F51 /* ViewControllers */ = {
			isa = PBXGroup;
			children = (
				D3D8D1E42C64F27600286F51 /* MainViewController.swift */,
				D3D8D1FB2C64F8E600286F51 /* DetailViewController.swift */,
			);
			path = ViewControllers;
			sourceTree = "<group>";
		};
		D3D8D1FD2C650A4E00286F51 /* Models */ = {
			isa = PBXGroup;
			children = (
				D3D8D1FE2C650A6800286F51 /* CharacterDetails.swift */,
			);
			path = Models;
			sourceTree = "<group>";
		};
		D3D8D2002C65107100286F51 /* Helpers */ = {
			isa = PBXGroup;
			children = (
				D3D8D2012C65109400286F51 /* MockData.swift */,
			);
			path = Helpers;
			sourceTree = "<group>";
		};
/* End PBXGroup section */

/* Begin PBXNativeTarget section */
		D3D8D1DC2C64F27600286F51 /* CollectionViewTest */ = {
			isa = PBXNativeTarget;
			buildConfigurationList = D3D8D1F12C64F27700286F51 /* Build configuration list for PBXNativeTarget "CollectionViewTest" */;
			buildPhases = (
				D3D8D1D92C64F27600286F51 /* Sources */,
				D3D8D1DA2C64F27600286F51 /* Frameworks */,
				D3D8D1DB2C64F27600286F51 /* Resources */,
			);
			buildRules = (
			);
			dependencies = (
			);
			name = CollectionViewTest;
			packageProductDependencies = (
				D3D8D1F52C64F2EE00286F51 /* SnapKit */,
			);
			productName = CollectionViewTest;
			productReference = D3D8D1DD2C64F27600286F51 /* CollectionViewTest.app */;
			productType = "com.apple.product-type.application";
		};
/* End PBXNativeTarget section */

/* Begin PBXProject section */
		D3D8D1D52C64F27600286F51 /* Project object */ = {
			isa = PBXProject;
			attributes = {
				BuildIndependentTargetsInParallel = 1;
				LastSwiftUpdateCheck = 1540;
				LastUpgradeCheck = 1540;
				TargetAttributes = {
					D3D8D1DC2C64F27600286F51 = {
						CreatedOnToolsVersion = 15.4;
					};
				};
			};
			buildConfigurationList = D3D8D1D82C64F27600286F51 /* Build configuration list for PBXProject "CollectionViewTest" */;
			compatibilityVersion = "Xcode 14.0";
			developmentRegion = en;
			hasScannedForEncodings = 0;
			knownRegions = (
				en,
				Base,
			);
			mainGroup = D3D8D1D42C64F27600286F51;
			packageReferences = (
				D3D8D1F42C64F2EE00286F51 /* XCRemoteSwiftPackageReference "SnapKit" */,
			);
			productRefGroup = D3D8D1DE2C64F27600286F51 /* Products */;
			projectDirPath = "";
			projectRoot = "";
			targets = (
				D3D8D1DC2C64F27600286F51 /* CollectionViewTest */,
			);
		};
/* End PBXProject section */

/* Begin PBXResourcesBuildPhase section */
		D3D8D1DB2C64F27600286F51 /* Resources */ = {
			isa = PBXResourcesBuildPhase;
			buildActionMask = 2147483647;
			files = (
				D3D8D1EA2C64F27700286F51 /* Assets.xcassets in Resources */,
				D3D8D1ED2C64F27700286F51 /* Base in Resources */,
			);
			runOnlyForDeploymentPostprocessing = 0;
		};
/* End PBXResourcesBuildPhase section */

/* Begin PBXSourcesBuildPhase section */
		D3D8D1D92C64F27600286F51 /* Sources */ = {
			isa = PBXSourcesBuildPhase;
			buildActionMask = 2147483647;
			files = (
				D3D8D1E52C64F27600286F51 /* MainViewController.swift in Sources */,
				D3D8D1E12C64F27600286F51 /* AppDelegate.swift in Sources */,
				D3D8D1FC2C64F8E600286F51 /* DetailViewController.swift in Sources */,
				D3D8D1FF2C650A6800286F51 /* CharacterDetails.swift in Sources */,
				D3D8D1F92C64F56B00286F51 /* CollectionCellView.swift in Sources */,
				D3D8D2022C65109400286F51 /* MockData.swift in Sources */,
				D3D8D1E32C64F27600286F51 /* SceneDelegate.swift in Sources */,
			);
			runOnlyForDeploymentPostprocessing = 0;
		};
/* End PBXSourcesBuildPhase section */

/* Begin PBXVariantGroup section */
		D3D8D1EB2C64F27700286F51 /* LaunchScreen.storyboard */ = {
			isa = PBXVariantGroup;
			children = (
				D3D8D1EC2C64F27700286F51 /* Base */,
			);
			name = LaunchScreen.storyboard;
			sourceTree = "<group>";
		};
/* End PBXVariantGroup section */

/* Begin XCBuildConfiguration section */
		D3D8D1EF2C64F27700286F51 /* Debug */ = {
			isa = XCBuildConfiguration;
			buildSettings = {
				ALWAYS_SEARCH_USER_PATHS = NO;
				ASSETCATALOG_COMPILER_GENERATE_SWIFT_ASSET_SYMBOL_EXTENSIONS = YES;
				CLANG_ANALYZER_NONNULL = YES;
				CLANG_ANALYZER_NUMBER_OBJECT_CONVERSION = YES_AGGRESSIVE;
				CLANG_CXX_LANGUAGE_STANDARD = "gnu++20";
				CLANG_ENABLE_MODULES = YES;
				CLANG_ENABLE_OBJC_ARC = YES;
				CLANG_ENABLE_OBJC_WEAK = YES;
				CLANG_WARN_BLOCK_CAPTURE_AUTORELEASING = YES;
				CLANG_WARN_BOOL_CONVERSION = YES;
				CLANG_WARN_COMMA = YES;
				CLANG_WARN_CONSTANT_CONVERSION = YES;
				CLANG_WARN_DEPRECATED_OBJC_IMPLEMENTATIONS = YES;
				CLANG_WARN_DIRECT_OBJC_ISA_USAGE = YES_ERROR;
				CLANG_WARN_DOCUMENTATION_COMMENTS = YES;
				CLANG_WARN_EMPTY_BODY = YES;
				CLANG_WARN_ENUM_CONVERSION = YES;
				CLANG_WARN_INFINITE_RECURSION = YES;
				CLANG_WARN_INT_CONVERSION = YES;
				CLANG_WARN_NON_LITERAL_NULL_CONVERSION = YES;
				CLANG_WARN_OBJC_IMPLICIT_RETAIN_SELF = YES;
				CLANG_WARN_OBJC_LITERAL_CONVERSION = YES;
				CLANG_WARN_OBJC_ROOT_CLASS = YES_ERROR;
				CLANG_WARN_QUOTED_INCLUDE_IN_FRAMEWORK_HEADER = YES;
				CLANG_WARN_RANGE_LOOP_ANALYSIS = YES;
				CLANG_WARN_STRICT_PROTOTYPES = YES;
				CLANG_WARN_SUSPICIOUS_MOVE = YES;
				CLANG_WARN_UNGUARDED_AVAILABILITY = YES_AGGRESSIVE;
				CLANG_WARN_UNREACHABLE_CODE = YES;
				CLANG_WARN__DUPLICATE_METHOD_MATCH = YES;
				COPY_PHASE_STRIP = NO;
				DEBUG_INFORMATION_FORMAT = dwarf;
				ENABLE_STRICT_OBJC_MSGSEND = YES;
				ENABLE_TESTABILITY = YES;
				ENABLE_USER_SCRIPT_SANDBOXING = YES;
				GCC_C_LANGUAGE_STANDARD = gnu17;
				GCC_DYNAMIC_NO_PIC = NO;
				GCC_NO_COMMON_BLOCKS = YES;
				GCC_OPTIMIZATION_LEVEL = 0;
				GCC_PREPROCESSOR_DEFINITIONS = (
					"DEBUG=1",
					"$(inherited)",
				);
				GCC_WARN_64_TO_32_BIT_CONVERSION = YES;
				GCC_WARN_ABOUT_RETURN_TYPE = YES_ERROR;
				GCC_WARN_UNDECLARED_SELECTOR = YES;
				GCC_WARN_UNINITIALIZED_AUTOS = YES_AGGRESSIVE;
				GCC_WARN_UNUSED_FUNCTION = YES;
				GCC_WARN_UNUSED_VARIABLE = YES;
				IPHONEOS_DEPLOYMENT_TARGET = 17.5;
				LOCALIZATION_PREFERS_STRING_CATALOGS = YES;
				MTL_ENABLE_DEBUG_INFO = INCLUDE_SOURCE;
				MTL_FAST_MATH = YES;
				ONLY_ACTIVE_ARCH = YES;
				SDKROOT = iphoneos;
				SWIFT_ACTIVE_COMPILATION_CONDITIONS = "DEBUG $(inherited)";
				SWIFT_OPTIMIZATION_LEVEL = "-Onone";
			};
			name = Debug;
		};
		D3D8D1F02C64F27700286F51 /* Release */ = {
			isa = XCBuildConfiguration;
			buildSettings = {
				ALWAYS_SEARCH_USER_PATHS = NO;
				ASSETCATALOG_COMPILER_GENERATE_SWIFT_ASSET_SYMBOL_EXTENSIONS = YES;
				CLANG_ANALYZER_NONNULL = YES;
				CLANG_ANALYZER_NUMBER_OBJECT_CONVERSION = YES_AGGRESSIVE;
				CLANG_CXX_LANGUAGE_STANDARD = "gnu++20";
				CLANG_ENABLE_MODULES = YES;
				CLANG_ENABLE_OBJC_ARC = YES;
				CLANG_ENABLE_OBJC_WEAK = YES;
				CLANG_WARN_BLOCK_CAPTURE_AUTORELEASING = YES;
				CLANG_WARN_BOOL_CONVERSION = YES;
				CLANG_WARN_COMMA = YES;
				CLANG_WARN_CONSTANT_CONVERSION = YES;
				CLANG_WARN_DEPRECATED_OBJC_IMPLEMENTATIONS = YES;
				CLANG_WARN_DIRECT_OBJC_ISA_USAGE = YES_ERROR;
				CLANG_WARN_DOCUMENTATION_COMMENTS = YES;
				CLANG_WARN_EMPTY_BODY = YES;
				CLANG_WARN_ENUM_CONVERSION = YES;
				CLANG_WARN_INFINITE_RECURSION = YES;
				CLANG_WARN_INT_CONVERSION = YES;
				CLANG_WARN_NON_LITERAL_NULL_CONVERSION = YES;
				CLANG_WARN_OBJC_IMPLICIT_RETAIN_SELF = YES;
				CLANG_WARN_OBJC_LITERAL_CONVERSION = YES;
				CLANG_WARN_OBJC_ROOT_CLASS = YES_ERROR;
				CLANG_WARN_QUOTED_INCLUDE_IN_FRAMEWORK_HEADER = YES;
				CLANG_WARN_RANGE_LOOP_ANALYSIS = YES;
				CLANG_WARN_STRICT_PROTOTYPES = YES;
				CLANG_WARN_SUSPICIOUS_MOVE = YES;
				CLANG_WARN_UNGUARDED_AVAILABILITY = YES_AGGRESSIVE;
				CLANG_WARN_UNREACHABLE_CODE = YES;
				CLANG_WARN__DUPLICATE_METHOD_MATCH = YES;
				COPY_PHASE_STRIP = NO;
				DEBUG_INFORMATION_FORMAT = "dwarf-with-dsym";
				ENABLE_NS_ASSERTIONS = NO;
				ENABLE_STRICT_OBJC_MSGSEND = YES;
				ENABLE_USER_SCRIPT_SANDBOXING = YES;
				GCC_C_LANGUAGE_STANDARD = gnu17;
				GCC_NO_COMMON_BLOCKS = YES;
				GCC_WARN_64_TO_32_BIT_CONVERSION = YES;
				GCC_WARN_ABOUT_RETURN_TYPE = YES_ERROR;
				GCC_WARN_UNDECLARED_SELECTOR = YES;
				GCC_WARN_UNINITIALIZED_AUTOS = YES_AGGRESSIVE;
				GCC_WARN_UNUSED_FUNCTION = YES;
				GCC_WARN_UNUSED_VARIABLE = YES;
				IPHONEOS_DEPLOYMENT_TARGET = 17.5;
				LOCALIZATION_PREFERS_STRING_CATALOGS = YES;
				MTL_ENABLE_DEBUG_INFO = NO;
				MTL_FAST_MATH = YES;
				SDKROOT = iphoneos;
				SWIFT_COMPILATION_MODE = wholemodule;
				VALIDATE_PRODUCT = YES;
			};
			name = Release;
		};
		D3D8D1F22C64F27700286F51 /* Debug */ = {
			isa = XCBuildConfiguration;
			buildSettings = {
				ASSETCATALOG_COMPILER_APPICON_NAME = AppIcon;
				ASSETCATALOG_COMPILER_GLOBAL_ACCENT_COLOR_NAME = AccentColor;
				CODE_SIGN_STYLE = Automatic;
				CURRENT_PROJECT_VERSION = 1;
				DEVELOPMENT_TEAM = V6FC2DVK94;
				GENERATE_INFOPLIST_FILE = YES;
				INFOPLIST_FILE = CollectionViewTest/Info.plist;
				INFOPLIST_KEY_UIApplicationSupportsIndirectInputEvents = YES;
				INFOPLIST_KEY_UILaunchStoryboardName = LaunchScreen;
				INFOPLIST_KEY_UISupportedInterfaceOrientations_iPad = "UIInterfaceOrientationPortrait UIInterfaceOrientationPortraitUpsideDown UIInterfaceOrientationLandscapeLeft UIInterfaceOrientationLandscapeRight";
				INFOPLIST_KEY_UISupportedInterfaceOrientations_iPhone = "UIInterfaceOrientationPortrait UIInterfaceOrientationLandscapeLeft UIInterfaceOrientationLandscapeRight";
				LD_RUNPATH_SEARCH_PATHS = (
					"$(inherited)",
					"@executable_path/Frameworks",
				);
				MARKETING_VERSION = 1.0;
				PRODUCT_BUNDLE_IDENTIFIER = com.yasha424.CollectionViewTest;
				PRODUCT_NAME = "$(TARGET_NAME)";
				SWIFT_EMIT_LOC_STRINGS = YES;
				SWIFT_VERSION = 5.0;
				TARGETED_DEVICE_FAMILY = "1,2";
			};
			name = Debug;
		};
		D3D8D1F32C64F27700286F51 /* Release */ = {
			isa = XCBuildConfiguration;
			buildSettings = {
				ASSETCATALOG_COMPILER_APPICON_NAME = AppIcon;
				ASSETCATALOG_COMPILER_GLOBAL_ACCENT_COLOR_NAME = AccentColor;
				CODE_SIGN_STYLE = Automatic;
				CURRENT_PROJECT_VERSION = 1;
				DEVELOPMENT_TEAM = V6FC2DVK94;
				GENERATE_INFOPLIST_FILE = YES;
				INFOPLIST_FILE = CollectionViewTest/Info.plist;
				INFOPLIST_KEY_UIApplicationSupportsIndirectInputEvents = YES;
				INFOPLIST_KEY_UILaunchStoryboardName = LaunchScreen;
				INFOPLIST_KEY_UISupportedInterfaceOrientations_iPad = "UIInterfaceOrientationPortrait UIInterfaceOrientationPortraitUpsideDown UIInterfaceOrientationLandscapeLeft UIInterfaceOrientationLandscapeRight";
				INFOPLIST_KEY_UISupportedInterfaceOrientations_iPhone = "UIInterfaceOrientationPortrait UIInterfaceOrientationLandscapeLeft UIInterfaceOrientationLandscapeRight";
				LD_RUNPATH_SEARCH_PATHS = (
					"$(inherited)",
					"@executable_path/Frameworks",
				);
				MARKETING_VERSION = 1.0;
				PRODUCT_BUNDLE_IDENTIFIER = com.yasha424.CollectionViewTest;
				PRODUCT_NAME = "$(TARGET_NAME)";
				SWIFT_EMIT_LOC_STRINGS = YES;
				SWIFT_VERSION = 5.0;
				TARGETED_DEVICE_FAMILY = "1,2";
			};
			name = Release;
		};
/* End XCBuildConfiguration section */

/* Begin XCConfigurationList section */
		D3D8D1D82C64F27600286F51 /* Build configuration list for PBXProject "CollectionViewTest" */ = {
			isa = XCConfigurationList;
			buildConfigurations = (
				D3D8D1EF2C64F27700286F51 /* Debug */,
				D3D8D1F02C64F27700286F51 /* Release */,
			);
			defaultConfigurationIsVisible = 0;
			defaultConfigurationName = Release;
		};
		D3D8D1F12C64F27700286F51 /* Build configuration list for PBXNativeTarget "CollectionViewTest" */ = {
			isa = XCConfigurationList;
			buildConfigurations = (
				D3D8D1F22C64F27700286F51 /* Debug */,
				D3D8D1F32C64F27700286F51 /* Release */,
			);
			defaultConfigurationIsVisible = 0;
			defaultConfigurationName = Release;
		};
/* End XCConfigurationList section */

/* Begin XCRemoteSwiftPackageReference section */
		D3D8D1F42C64F2EE00286F51 /* XCRemoteSwiftPackageReference "SnapKit" */ = {
			isa = XCRemoteSwiftPackageReference;
			repositoryURL = "https://github.com/SnapKit/SnapKit.git";
			requirement = {
				kind = upToNextMajorVersion;
				minimumVersion = 5.7.1;
			};
		};
/* End XCRemoteSwiftPackageReference section */

/* Begin XCSwiftPackageProductDependency section */
		D3D8D1F52C64F2EE00286F51 /* SnapKit */ = {
			isa = XCSwiftPackageProductDependency;
			package = D3D8D1F42C64F2EE00286F51 /* XCRemoteSwiftPackageReference "SnapKit" */;
			productName = SnapKit;
		};
/* End XCSwiftPackageProductDependency section */
	};
	rootObject = D3D8D1D52C64F27600286F51 /* Project object */;
}
